Microsoft Visual Studio Solution File, Format Version 12.00
# Visual Studio Version 17
VisualStudioVersion = 17.5.2.0
MinimumVisualStudioVersion = 10.0.40219.1
Project("{FAE04EC0-301F-11D3-BF4B-00C04F79EFBC}") = "ConnectFour", "ConnectFour\ConnectFour.csproj", "{060338DC-1F26-3965-15FA-1F3942D96D7A}"
EndProject
Global
	GlobalSection(SolutionConfigurationPlatforms) = preSolution
		Debug|Any CPU = Debug|Any CPU
		Release|Any CPU = Release|Any CPU
	EndGlobalSection
	GlobalSection(ProjectConfigurationPlatforms) = postSolution
		{060338DC-1F26-3965-15FA-1F3942D96D7A}.Debug|Any CPU.ActiveCfg = Debug|Any CPU
		{060338DC-1F26-3965-15FA-1F3942D96D7A}.Debug|Any CPU.Build.0 = Debug|Any CPU
		{060338DC-1F26-3965-15FA-1F3942D96D7A}.Release|Any CPU.ActiveCfg = Release|Any CPU
		{060338DC-1F26-3965-15FA-1F3942D96D7A}.Release|Any CPU.Build.0 = Release|Any CPU
	EndGlobalSection
	GlobalSection(SolutionProperties) = preSolution
		HideSolutionNode = FALSE
	EndGlobalSection
	GlobalSection(ExtensibilityGlobals) = postSolution
		SolutionGuid = {C3F19638-2EC4-4F83-95B3-6C76189A40BD}
	EndGlobalSection
EndGlobal
